
Microsoft Visual Studio Solution File, Format Version 12.00
# Visual Studio Version 16
VisualStudioVersion = 16.0.29326.143
MinimumVisualStudioVersion = 10.0.40219.1
Project("{FAE04EC0-301F-11D3-BF4B-00C04F79EFBC}") = "Client", "Client\Client.csproj", "{4741B0E4-C5EE-474B-84CC-7E6B4D8C5AB4}"
EndProject
Project("{FAE04EC0-301F-11D3-BF4B-00C04F79EFBC}") = "Server", "ServerGood\Server.csproj", "{557B84A5-A3E5-4D6C-BA63-EF717099187D}"
EndProject
Project("{FAE04EC0-301F-11D3-BF4B-00C04F79EFBC}") = "Classes", "Classes\Classes.csproj", "{9A3EB007-001A-4C41-97B3-A0532523913A}"
EndProject
Global
	GlobalSection(SolutionConfigurationPlatforms) = preSolution
		Debug|Any CPU = Debug|Any CPU
		Release|Any CPU = Release|Any CPU
	EndGlobalSection
	GlobalSection(ProjectConfigurationPlatforms) = postSolution
		{4741B0E4-C5EE-474B-84CC-7E6B4D8C5AB4}.Debug|Any CPU.ActiveCfg = Debug|Any CPU
		{4741B0E4-C5EE-474B-84CC-7E6B4D8C5AB4}.Debug|Any CPU.Build.0 = Debug|Any CPU
		{4741B0E4-C5EE-474B-84CC-7E6B4D8C5AB4}.Release|Any CPU.ActiveCfg = Release|Any CPU
		{4741B0E4-C5EE-474B-84CC-7E6B4D8C5AB4}.Release|Any CPU.Build.0 = Release|Any CPU
		{557B84A5-A3E5-4D6C-BA63-EF717099187D}.Debug|Any CPU.ActiveCfg = Debug|Any CPU
		{557B84A5-A3E5-4D6C-BA63-EF717099187D}.Debug|Any CPU.Build.0 = Debug|Any CPU
		{557B84A5-A3E5-4D6C-BA63-EF717099187D}.Release|Any CPU.ActiveCfg = Release|Any CPU
		{557B84A5-A3E5-4D6C-BA63-EF717099187D}.Release|Any CPU.Build.0 = Release|Any CPU
		{9A3EB007-001A-4C41-97B3-A0532523913A}.Debug|Any CPU.ActiveCfg = Debug|Any CPU
		{9A3EB007-001A-4C41-97B3-A0532523913A}.Debug|Any CPU.Build.0 = Debug|Any CPU
		{9A3EB007-001A-4C41-97B3-A0532523913A}.Release|Any CPU.ActiveCfg = Release|Any CPU
		{9A3EB007-001A-4C41-97B3-A0532523913A}.Release|Any CPU.Build.0 = Release|Any CPU
	EndGlobalSection
	GlobalSection(SolutionProperties) = preSolution
		HideSolutionNode = FALSE
	EndGlobalSection
	GlobalSection(ExtensibilityGlobals) = postSolution
		SolutionGuid = {308C8197-5545-4BCE-AD28-BE0D1B3E3B1D}
	EndGlobalSection
EndGlobal
